
Microsoft Visual Studio Solution File, Format Version 12.00
# Visual Studio Version 16
VisualStudioVersion = 16.0.30907.101
MinimumVisualStudioVersion = 10.0.40219.1
Project("{8BC9CEB8-8B4A-11D0-8D11-00A0C91BC942}") = "Visual Studio LOREA-SMITH", "Visual Studio LOREA-SMITH\Visual Studio LOREA-SMITH.vcxproj", "{4B44124D-6E3C-4C05-9C81-931E0A4AEE5D}"
EndProject
Global
	GlobalSection(SolutionConfigurationPlatforms) = preSolution
		Debug|x64 = Debug|x64
		Debug|x86 = Debug|x86
		Release|x64 = Release|x64
		Release|x86 = Release|x86
	EndGlobalSection
	GlobalSection(ProjectConfigurationPlatforms) = postSolution
		{4B44124D-6E3C-4C05-9C81-931E0A4AEE5D}.Debug|x64.ActiveCfg = Debug|x64
		{4B44124D-6E3C-4C05-9C81-931E0A4AEE5D}.Debug|x64.Build.0 = Debug|x64
		{4B44124D-6E3C-4C05-9C81-931E0A4AEE5D}.Debug|x86.ActiveCfg = Debug|Win32
		{4B44124D-6E3C-4C05-9C81-931E0A4AEE5D}.Debug|x86.Build.0 = Debug|Win32
		{4B44124D-6E3C-4C05-9C81-931E0A4AEE5D}.Release|x64.ActiveCfg = Release|x64
		{4B44124D-6E3C-4C05-9C81-931E0A4AEE5D}.Release|x64.Build.0 = Release|x64
		{4B44124D-6E3C-4C05-9C81-931E0A4AEE5D}.Release|x86.ActiveCfg = Release|Win32
		{4B44124D-6E3C-4C05-9C81-931E0A4AEE5D}.Release|x86.Build.0 = Release|Win32
	EndGlobalSection
	GlobalSection(SolutionProperties) = preSolution
		HideSolutionNode = FALSE
	EndGlobalSection
	GlobalSection(ExtensibilityGlobals) = postSolution
		SolutionGuid = {98574B1E-7DAB-408D-AF57-2CE22500E076}
	EndGlobalSection
EndGlobal
